
Microsoft Visual Studio Solution File, Format Version 12.00
# Visual Studio Version 17
VisualStudioVersion = 17.8.34309.116
MinimumVisualStudioVersion = 10.0.40219.1
Project("{FAE04EC0-301F-11D3-BF4B-00C04F79EFBC}") = "BfRun", "BfRun\BfRun.csproj", "{5FDEA610-020B-4D09-8950-491E551DA9A6}"
EndProject
Global
	GlobalSection(SolutionConfigurationPlatforms) = preSolution
		Debug|Any CPU = Debug|Any CPU
		Release|Any CPU = Release|Any CPU
	EndGlobalSection
	GlobalSection(ProjectConfigurationPlatforms) = postSolution
		{5FDEA610-020B-4D09-8950-491E551DA9A6}.Debug|Any CPU.ActiveCfg = Debug|Any CPU
		{5FDEA610-020B-4D09-8950-491E551DA9A6}.Debug|Any CPU.Build.0 = Debug|Any CPU
		{5FDEA610-020B-4D09-8950-491E551DA9A6}.Release|Any CPU.ActiveCfg = Release|Any CPU
		{5FDEA610-020B-4D09-8950-491E551DA9A6}.Release|Any CPU.Build.0 = Release|Any CPU
	EndGlobalSection
	GlobalSection(SolutionProperties) = preSolution
		HideSolutionNode = FALSE
	EndGlobalSection
	GlobalSection(ExtensibilityGlobals) = postSolution
		SolutionGuid = {22B5EFF7-3B38-4012-A9E7-ABD601F01ADC}
	EndGlobalSection
EndGlobal
