
Microsoft Visual Studio Solution File, Format Version 12.00
# Visual Studio Version 17
VisualStudioVersion = 17.8.34309.116
MinimumVisualStudioVersion = 10.0.40219.1
Project("{FAE04EC0-301F-11D3-BF4B-00C04F79EFBC}") = "BrRun", "BrRun\BrRun.csproj", "{2F98A27C-2F74-4377-BC63-88E1DF52558D}"
EndProject
Global
	GlobalSection(SolutionConfigurationPlatforms) = preSolution
		Debug|Any CPU = Debug|Any CPU
		Release|Any CPU = Release|Any CPU
	EndGlobalSection
	GlobalSection(ProjectConfigurationPlatforms) = postSolution
		{2F98A27C-2F74-4377-BC63-88E1DF52558D}.Debug|Any CPU.ActiveCfg = Debug|Any CPU
		{2F98A27C-2F74-4377-BC63-88E1DF52558D}.Debug|Any CPU.Build.0 = Debug|Any CPU
		{2F98A27C-2F74-4377-BC63-88E1DF52558D}.Release|Any CPU.ActiveCfg = Release|Any CPU
		{2F98A27C-2F74-4377-BC63-88E1DF52558D}.Release|Any CPU.Build.0 = Release|Any CPU
	EndGlobalSection
	GlobalSection(SolutionProperties) = preSolution
		HideSolutionNode = FALSE
	EndGlobalSection
	GlobalSection(ExtensibilityGlobals) = postSolution
		SolutionGuid = {777E29D0-1222-4B40-BCB3-BD0489E5F38D}
	EndGlobalSection
EndGlobal
